
Microsoft Visual Studio Solution File, Format Version 12.00
# Visual Studio Version 16
VisualStudioVersion = 16.0.31727.386
MinimumVisualStudioVersion = 10.0.40219.1
Project("{FAE04EC0-301F-11D3-BF4B-00C04F79EFBC}") = "ExDOS", "ExDOS\ExDOS.csproj", "{A47F0E4A-C4B4-4433-8158-810F37BA61C8}"
EndProject
Global
	GlobalSection(SolutionConfigurationPlatforms) = preSolution
		Debug|Any CPU = Debug|Any CPU
		Release|Any CPU = Release|Any CPU
	EndGlobalSection
	GlobalSection(ProjectConfigurationPlatforms) = postSolution
		{A47F0E4A-C4B4-4433-8158-810F37BA61C8}.Debug|Any CPU.ActiveCfg = Debug|Any CPU
		{A47F0E4A-C4B4-4433-8158-810F37BA61C8}.Debug|Any CPU.Build.0 = Debug|Any CPU
		{A47F0E4A-C4B4-4433-8158-810F37BA61C8}.Release|Any CPU.ActiveCfg = Release|Any CPU
		{A47F0E4A-C4B4-4433-8158-810F37BA61C8}.Release|Any CPU.Build.0 = Release|Any CPU
	EndGlobalSection
	GlobalSection(SolutionProperties) = preSolution
		HideSolutionNode = FALSE
	EndGlobalSection
	GlobalSection(ExtensibilityGlobals) = postSolution
		SolutionGuid = {DA59A41C-5D0A-467D-8DF0-5F2920FA2BC0}
	EndGlobalSection
EndGlobal
